// !$*UTF8*$!
{
	archiveVersion = 1;
	classes = {
	};
	objectVersion = 45;
	objects = {

/* Begin PBXBuildFile section */
		1DDD582C0DA1D0D100B32029 /* ASSScript.xib in Resources */ = {isa = PBXBuildFile; fileRef = 1DDD58280DA1D0D100B32029 /* ASSScript.xib */; };
		1DDD582D0DA1D0D100B32029 /* MainMenu.xib in Resources */ = {isa = PBXBuildFile; fileRef = 1DDD582A0DA1D0D100B32029 /* MainMenu.xib */; };
		8A2CE4380ED4D01200DA892E /* COPYING in Resources */ = {isa = PBXBuildFile; fileRef = 8A2CE4370ED4D01200DA892E /* COPYING */; };
		8A3E1FBF100E314200BA8697 /* ASSHeader.m in Sources */ = {isa = PBXBuildFile; fileRef = 8A3E1FBE100E314200BA8697 /* ASSHeader.m */; };
		8A3E1FC2100E360800BA8697 /* ASSHeaderTest.m in Sources */ = {isa = PBXBuildFile; fileRef = 8A3E1FC1100E360800BA8697 /* ASSHeaderTest.m */; };
		8A3E1FC3100E366000BA8697 /* ASSHeader.m in Sources */ = {isa = PBXBuildFile; fileRef = 8A3E1FBE100E314200BA8697 /* ASSHeader.m */; };
		8A3E2025100E3C7D00BA8697 /* ASSStyle.m in Sources */ = {isa = PBXBuildFile; fileRef = 8A3E2024100E3C7D00BA8697 /* ASSStyle.m */; };
		8A3E2028100E404000BA8697 /* ASSColour.m in Sources */ = {isa = PBXBuildFile; fileRef = 8A3E2027100E404000BA8697 /* ASSColour.m */; };
		8A3E2032100E457800BA8697 /* ASSColourTest.m in Sources */ = {isa = PBXBuildFile; fileRef = 8A3E2031100E457800BA8697 /* ASSColourTest.m */; };
		8A3E2033100E458A00BA8697 /* ASSColour.m in Sources */ = {isa = PBXBuildFile; fileRef = 8A3E2027100E404000BA8697 /* ASSColour.m */; };
		8A3E2050100E502B00BA8697 /* ASSStyleTest.m in Sources */ = {isa = PBXBuildFile; fileRef = 8A3E204F100E502B00BA8697 /* ASSStyleTest.m */; };
		8A3E2055100E50D900BA8697 /* ASSStyle.m in Sources */ = {isa = PBXBuildFile; fileRef = 8A3E2024100E3C7D00BA8697 /* ASSStyle.m */; };
		8A3E20DD100E58EE00BA8697 /* ASSStyleList.m in Sources */ = {isa = PBXBuildFile; fileRef = 8A3E20DC100E58EE00BA8697 /* ASSStyleList.m */; };
		8A3E20DE100E58EE00BA8697 /* ASSStyleList.m in Sources */ = {isa = PBXBuildFile; fileRef = 8A3E20DC100E58EE00BA8697 /* ASSStyleList.m */; };
		8A3E20E2100E5B6200BA8697 /* ASSStyleListTest.m in Sources */ = {isa = PBXBuildFile; fileRef = 8A3E20E1100E5B6200BA8697 /* ASSStyleListTest.m */; };
		8A448EE21019DA9000A658AF /* Credits.rtf in Resources */ = {isa = PBXBuildFile; fileRef = 8A448EE11019DA9000A658AF /* Credits.rtf */; };
		8A668B9210195CB00053F77F /* grososrt.icns in Resources */ = {isa = PBXBuildFile; fileRef = 8A668B8E10195CB00053F77F /* grososrt.icns */; };
		8A668B9310195CB00053F77F /* grosoass.icns in Resources */ = {isa = PBXBuildFile; fileRef = 8A668B8F10195CB00053F77F /* grosoass.icns */; };
		8A668B9410195CB00053F77F /* groso.icns in Resources */ = {isa = PBXBuildFile; fileRef = 8A668B9010195CB00053F77F /* groso.icns */; };
		8A668B9510195CB00053F77F /* grososub.icns in Resources */ = {isa = PBXBuildFile; fileRef = 8A668B9110195CB00053F77F /* grososub.icns */; };
		8AA440501016446200CDC3A5 /* ASSEventTextView.m in Sources */ = {isa = PBXBuildFile; fileRef = 8AA4404F1016446200CDC3A5 /* ASSEventTextView.m */; };
		8AADE4AF1010CB1B00D711B2 /* ASSScript.m in Sources */ = {isa = PBXBuildFile; fileRef = 8AADE4AE1010CB1B00D711B2 /* ASSScript.m */; };
		8AADE4FB1010D7E600D711B2 /* ASSEventTableView.m in Sources */ = {isa = PBXBuildFile; fileRef = 8AADE4FA1010D7E600D711B2 /* ASSEventTableView.m */; };
		8AED5267100CE4F50079F931 /* ASSTime.m in Sources */ = {isa = PBXBuildFile; fileRef = 8AED5266100CE4F50079F931 /* ASSTime.m */; };
		8AED5297100CE92E0079F931 /* ASSTimeTest.m in Sources */ = {isa = PBXBuildFile; fileRef = 8AED5296100CE92E0079F931 /* ASSTimeTest.m */; };
		8AED52B6100CF02D0079F931 /* ASSTime.m in Sources */ = {isa = PBXBuildFile; fileRef = 8AED5266100CE4F50079F931 /* ASSTime.m */; };
		8AED533D100D2F2B0079F931 /* ASSEvent.m in Sources */ = {isa = PBXBuildFile; fileRef = 8AED533C100D2F2B0079F931 /* ASSEvent.m */; };
		8AED533E100D2F2B0079F931 /* ASSEvent.m in Sources */ = {isa = PBXBuildFile; fileRef = 8AED533C100D2F2B0079F931 /* ASSEvent.m */; };
		8AED5346100D33720079F931 /* ASSEventTest.m in Sources */ = {isa = PBXBuildFile; fileRef = 8AED5345100D33720079F931 /* ASSEventTest.m */; };
		8AED53C9100D3AA10079F931 /* ASSEventList.m in Sources */ = {isa = PBXBuildFile; fileRef = 8AED53C8100D3AA10079F931 /* ASSEventList.m */; };
		8AED53EC100D41920079F931 /* ASSEventListTest.m in Sources */ = {isa = PBXBuildFile; fileRef = 8AED53EB100D41920079F931 /* ASSEventListTest.m */; };
		8AED53EF100D42FE0079F931 /* ASSEventList.m in Sources */ = {isa = PBXBuildFile; fileRef = 8AED53C8100D3AA10079F931 /* ASSEventList.m */; };
		8D15AC2F0486D014006FF6A4 /* InfoPlist.strings in Resources */ = {isa = PBXBuildFile; fileRef = 089C165FFE840EACC02AAC07 /* InfoPlist.strings */; };
		8D15AC320486D014006FF6A4 /* main.m in Sources */ = {isa = PBXBuildFile; fileRef = 2A37F4B0FDCFA73011CA2CEA /* main.m */; settings = {ATTRIBUTES = (); }; };
		8D15AC340486D014006FF6A4 /* Cocoa.framework in Frameworks */ = {isa = PBXBuildFile; fileRef = 1058C7A7FEA54F5311CA2CBB /* Cocoa.framework */; };
/* End PBXBuildFile section */

/* Begin PBXFileReference section */
		089C1660FE840EACC02AAC07 /* English */ = {isa = PBXFileReference; fileEncoding = 10; lastKnownFileType = text.plist.strings; name = English; path = English.lproj/InfoPlist.strings; sourceTree = "<group>"; };
		1058C7A7FEA54F5311CA2CBB /* Cocoa.framework */ = {isa = PBXFileReference; lastKnownFileType = wrapper.framework; name = Cocoa.framework; path = /System/Library/Frameworks/Cocoa.framework; sourceTree = "<absolute>"; };
		13E42FBA07B3F13500E4EEF1 /* CoreData.framework */ = {isa = PBXFileReference; lastKnownFileType = wrapper.framework; name = CoreData.framework; path = /System/Library/Frameworks/CoreData.framework; sourceTree = "<absolute>"; };
		1DDD58290DA1D0D100B32029 /* English */ = {isa = PBXFileReference; lastKnownFileType = file.xib; name = English; path = English.lproj/ASSScript.xib; sourceTree = "<group>"; };
		1DDD582B0DA1D0D100B32029 /* English */ = {isa = PBXFileReference; lastKnownFileType = file.xib; name = English; path = English.lproj/MainMenu.xib; sourceTree = "<group>"; };
		2A37F4AEFDCFA73011CA2CEA /* ASSScript.h */ = {isa = PBXFileReference; fileEncoding = 4; lastKnownFileType = sourcecode.c.h; path = ASSScript.h; sourceTree = "<group>"; };
		2A37F4B0FDCFA73011CA2CEA /* main.m */ = {isa = PBXFileReference; fileEncoding = 4; lastKnownFileType = sourcecode.c.objc; path = main.m; sourceTree = "<group>"; };
		2A37F4BAFDCFA73011CA2CEA /* English */ = {isa = PBXFileReference; lastKnownFileType = text.rtf; name = English; path = English.lproj/Credits.rtf; sourceTree = "<group>"; };
		2A37F4C4FDCFA73011CA2CEA /* AppKit.framework */ = {isa = PBXFileReference; lastKnownFileType = wrapper.framework; name = AppKit.framework; path = /System/Library/Frameworks/AppKit.framework; sourceTree = "<absolute>"; };
		2A37F4C5FDCFA73011CA2CEA /* Foundation.framework */ = {isa = PBXFileReference; lastKnownFileType = wrapper.framework; name = Foundation.framework; path = /System/Library/Frameworks/Foundation.framework; sourceTree = "<absolute>"; };
		32DBCF750370BD2300C91783 /* GrosoSub_Prefix.pch */ = {isa = PBXFileReference; fileEncoding = 4; lastKnownFileType = sourcecode.c.h; path = GrosoSub_Prefix.pch; sourceTree = "<group>"; };
		8A2CE4370ED4D01200DA892E /* COPYING */ = {isa = PBXFileReference; fileEncoding = 4; lastKnownFileType = text; path = COPYING; sourceTree = "<group>"; };
		8A3E1FBD100E314200BA8697 /* ASSHeader.h */ = {isa = PBXFileReference; fileEncoding = 4; lastKnownFileType = sourcecode.c.h; name = ASSHeader.h; path = ASS/ASSHeader.h; sourceTree = "<group>"; };
		8A3E1FBE100E314200BA8697 /* ASSHeader.m */ = {isa = PBXFileReference; fileEncoding = 4; lastKnownFileType = sourcecode.c.objc; name = ASSHeader.m; path = ASS/ASSHeader.m; sourceTree = "<group>"; };
		8A3E1FC0100E360800BA8697 /* ASSHeaderTest.h */ = {isa = PBXFileReference; fileEncoding = 4; lastKnownFileType = sourcecode.c.h; name = ASSHeaderTest.h; path = Test/ASSHeaderTest.h; sourceTree = "<group>"; };
		8A3E1FC1100E360800BA8697 /* ASSHeaderTest.m */ = {isa = PBXFileReference; fileEncoding = 4; lastKnownFileType = sourcecode.c.objc; name = ASSHeaderTest.m; path = Test/ASSHeaderTest.m; sourceTree = "<group>"; };
		8A3E2023100E3C7D00BA8697 /* ASSStyle.h */ = {isa = PBXFileReference; fileEncoding = 4; lastKnownFileType = sourcecode.c.h; name = ASSStyle.h; path = ASS/ASSStyle.h; sourceTree = "<group>"; };
		8A3E2024100E3C7D00BA8697 /* ASSStyle.m */ = {isa = PBXFileReference; fileEncoding = 4; lastKnownFileType = sourcecode.c.objc; name = ASSStyle.m; path = ASS/ASSStyle.m; sourceTree = "<group>"; };
		8A3E2026100E404000BA8697 /* ASSColour.h */ = {isa = PBXFileReference; fileEncoding = 4; lastKnownFileType = sourcecode.c.h; name = ASSColour.h; path = ASS/ASSColour.h; sourceTree = "<group>"; };
		8A3E2027100E404000BA8697 /* ASSColour.m */ = {isa = PBXFileReference; fileEncoding = 4; lastKnownFileType = sourcecode.c.objc; name = ASSColour.m; path = ASS/ASSColour.m; sourceTree = "<group>"; };
		8A3E2030100E457800BA8697 /* ASSColourTest.h */ = {isa = PBXFileReference; fileEncoding = 4; lastKnownFileType = sourcecode.c.h; name = ASSColourTest.h; path = Test/ASSColourTest.h; sourceTree = "<group>"; };
		8A3E2031100E457800BA8697 /* ASSColourTest.m */ = {isa = PBXFileReference; fileEncoding = 4; lastKnownFileType = sourcecode.c.objc; name = ASSColourTest.m; path = Test/ASSColourTest.m; sourceTree = "<group>"; };
		8A3E204E100E502B00BA8697 /* ASSStyleTest.h */ = {isa = PBXFileReference; fileEncoding = 4; lastKnownFileType = sourcecode.c.h; name = ASSStyleTest.h; path = Test/ASSStyleTest.h; sourceTree = "<group>"; };
		8A3E204F100E502B00BA8697 /* ASSStyleTest.m */ = {isa = PBXFileReference; fileEncoding = 4; lastKnownFileType = sourcecode.c.objc; name = ASSStyleTest.m; path = Test/ASSStyleTest.m; sourceTree = "<group>"; };
		8A3E20DB100E58EE00BA8697 /* ASSStyleList.h */ = {isa = PBXFileReference; fileEncoding = 4; lastKnownFileType = sourcecode.c.h; name = ASSStyleList.h; path = ASS/ASSStyleList.h; sourceTree = "<group>"; };
		8A3E20DC100E58EE00BA8697 /* ASSStyleList.m */ = {isa = PBXFileReference; fileEncoding = 4; lastKnownFileType = sourcecode.c.objc; name = ASSStyleList.m; path = ASS/ASSStyleList.m; sourceTree = "<group>"; };
		8A3E20E0100E5B6200BA8697 /* ASSStyleListTest.h */ = {isa = PBXFileReference; fileEncoding = 4; lastKnownFileType = sourcecode.c.h; name = ASSStyleListTest.h; path = Test/ASSStyleListTest.h; sourceTree = "<group>"; };
		8A3E20E1100E5B6200BA8697 /* ASSStyleListTest.m */ = {isa = PBXFileReference; fileEncoding = 4; lastKnownFileType = sourcecode.c.objc; name = ASSStyleListTest.m; path = Test/ASSStyleListTest.m; sourceTree = "<group>"; };
		8A448EE31019DA9600A658AF /* eu */ = {isa = PBXFileReference; lastKnownFileType = text.rtf; name = eu; path = eu.lproj/Credits.rtf; sourceTree = "<group>"; };
		8A668B8E10195CB00053F77F /* grososrt.icns */ = {isa = PBXFileReference; lastKnownFileType = image.icns; path = grososrt.icns; sourceTree = "<group>"; };
		8A668B8F10195CB00053F77F /* grosoass.icns */ = {isa = PBXFileReference; lastKnownFileType = image.icns; path = grosoass.icns; sourceTree = "<group>"; };
		8A668B9010195CB00053F77F /* groso.icns */ = {isa = PBXFileReference; lastKnownFileType = image.icns; path = groso.icns; sourceTree = "<group>"; };
		8A668B9110195CB00053F77F /* grososub.icns */ = {isa = PBXFileReference; lastKnownFileType = image.icns; path = grososub.icns; sourceTree = "<group>"; };
		8AA4404E1016446200CDC3A5 /* ASSEventTextView.h */ = {isa = PBXFileReference; fileEncoding = 4; lastKnownFileType = sourcecode.c.h; path = ASSEventTextView.h; sourceTree = "<group>"; };
		8AA4404F1016446200CDC3A5 /* ASSEventTextView.m */ = {isa = PBXFileReference; fileEncoding = 4; lastKnownFileType = sourcecode.c.objc; path = ASSEventTextView.m; sourceTree = "<group>"; };
		8AADE4AE1010CB1B00D711B2 /* ASSScript.m */ = {isa = PBXFileReference; fileEncoding = 4; lastKnownFileType = sourcecode.c.objc; path = ASSScript.m; sourceTree = "<group>"; };
		8AADE4F91010D7E600D711B2 /* ASSEventTableView.h */ = {isa = PBXFileReference; fileEncoding = 4; lastKnownFileType = sourcecode.c.h; path = ASSEventTableView.h; sourceTree = "<group>"; };
		8AADE4FA1010D7E600D711B2 /* ASSEventTableView.m */ = {isa = PBXFileReference; fileEncoding = 4; lastKnownFileType = sourcecode.c.objc; path = ASSEventTableView.m; sourceTree = "<group>"; };
		8ACB68FC101442DE00ADD1F3 /* Euskara */ = {isa = PBXFileReference; lastKnownFileType = file.xib; name = Euskara; path = Euskara.lproj/MainMenu.xib; sourceTree = "<group>"; };
		8AED5265100CE4F50079F931 /* ASSTime.h */ = {isa = PBXFileReference; fileEncoding = 4; lastKnownFileType = sourcecode.c.h; name = ASSTime.h; path = ASS/ASSTime.h; sourceTree = "<group>"; };
		8AED5266100CE4F50079F931 /* ASSTime.m */ = {isa = PBXFileReference; fileEncoding = 4; lastKnownFileType = sourcecode.c.objc; name = ASSTime.m; path = ASS/ASSTime.m; sourceTree = "<group>"; };
		8AED528B100CE8770079F931 /* Test.octest */ = {isa = PBXFileReference; explicitFileType = wrapper.cfbundle; includeInIndex = 0; path = Test.octest; sourceTree = BUILT_PRODUCTS_DIR; };
		8AED528C100CE8770079F931 /* Test-Info.plist */ = {isa = PBXFileReference; lastKnownFileType = text.plist.xml; path = "Test-Info.plist"; sourceTree = "<group>"; };
		8AED5295100CE92E0079F931 /* ASSTimeTest.h */ = {isa = PBXFileReference; fileEncoding = 4; lastKnownFileType = sourcecode.c.h; name = ASSTimeTest.h; path = Test/ASSTimeTest.h; sourceTree = "<group>"; };
		8AED5296100CE92E0079F931 /* ASSTimeTest.m */ = {isa = PBXFileReference; fileEncoding = 4; lastKnownFileType = sourcecode.c.objc; name = ASSTimeTest.m; path = Test/ASSTimeTest.m; sourceTree = "<group>"; };
		8AED533B100D2F2B0079F931 /* ASSEvent.h */ = {isa = PBXFileReference; fileEncoding = 4; lastKnownFileType = sourcecode.c.h; name = ASSEvent.h; path = ASS/ASSEvent.h; sourceTree = "<group>"; };
		8AED533C100D2F2B0079F931 /* ASSEvent.m */ = {isa = PBXFileReference; fileEncoding = 4; lastKnownFileType = sourcecode.c.objc; name = ASSEvent.m; path = ASS/ASSEvent.m; sourceTree = "<group>"; };
		8AED5344100D33720079F931 /* ASSEventTest.h */ = {isa = PBXFileReference; fileEncoding = 4; lastKnownFileType = sourcecode.c.h; name = ASSEventTest.h; path = Test/ASSEventTest.h; sourceTree = "<group>"; };
		8AED5345100D33720079F931 /* ASSEventTest.m */ = {isa = PBXFileReference; fileEncoding = 4; lastKnownFileType = sourcecode.c.objc; name = ASSEventTest.m; path = Test/ASSEventTest.m; sourceTree = "<group>"; };
		8AED53C7100D3AA10079F931 /* ASSEventList.h */ = {isa = PBXFileReference; fileEncoding = 4; lastKnownFileType = sourcecode.c.h; name = ASSEventList.h; path = ASS/ASSEventList.h; sourceTree = "<group>"; };
		8AED53C8100D3AA10079F931 /* ASSEventList.m */ = {isa = PBXFileReference; fileEncoding = 4; lastKnownFileType = sourcecode.c.objc; name = ASSEventList.m; path = ASS/ASSEventList.m; sourceTree = "<group>"; };
		8AED53EA100D41920079F931 /* ASSEventListTest.h */ = {isa = PBXFileReference; fileEncoding = 4; lastKnownFileType = sourcecode.c.h; name = ASSEventListTest.h; path = Test/ASSEventListTest.h; sourceTree = "<group>"; };
		8AED53EB100D41920079F931 /* ASSEventListTest.m */ = {isa = PBXFileReference; fileEncoding = 4; lastKnownFileType = sourcecode.c.objc; name = ASSEventListTest.m; path = Test/ASSEventListTest.m; sourceTree = "<group>"; };
		8D15AC360486D014006FF6A4 /* Info.plist */ = {isa = PBXFileReference; fileEncoding = 4; lastKnownFileType = text.plist.xml; path = Info.plist; sourceTree = "<group>"; };
		8D15AC370486D014006FF6A4 /* GrosoSub.app */ = {isa = PBXFileReference; explicitFileType = wrapper.application; includeInIndex = 0; path = GrosoSub.app; sourceTree = BUILT_PRODUCTS_DIR; };
/* End PBXFileReference section */

/* Begin PBXFrameworksBuildPhase section */
		8AED5288100CE8770079F931 /* Frameworks */ = {
			isa = PBXFrameworksBuildPhase;
			buildActionMask = 2147483647;
			files = (
			);
			runOnlyForDeploymentPostprocessing = 0;
		};
		8D15AC330486D014006FF6A4 /* Frameworks */ = {
			isa = PBXFrameworksBuildPhase;
			buildActionMask = 2147483647;
			files = (
				8D15AC340486D014006FF6A4 /* Cocoa.framework in Frameworks */,
			);
			runOnlyForDeploymentPostprocessing = 0;
		};
/* End PBXFrameworksBuildPhase section */

/* Begin PBXGroup section */
		1058C7A6FEA54F5311CA2CBB /* Linked Frameworks */ = {
			isa = PBXGroup;
			children = (
				1058C7A7FEA54F5311CA2CBB /* Cocoa.framework */,
			);
			name = "Linked Frameworks";
			sourceTree = "<group>";
		};
		1058C7A8FEA54F5311CA2CBB /* Other Frameworks */ = {
			isa = PBXGroup;
			children = (
				2A37F4C4FDCFA73011CA2CEA /* AppKit.framework */,
				13E42FBA07B3F13500E4EEF1 /* CoreData.framework */,
				2A37F4C5FDCFA73011CA2CEA /* Foundation.framework */,
			);
			name = "Other Frameworks";
			sourceTree = "<group>";
		};
		19C28FB0FE9D524F11CA2CBB /* Products */ = {
			isa = PBXGroup;
			children = (
				8D15AC370486D014006FF6A4 /* GrosoSub.app */,
				8AED528B100CE8770079F931 /* Test.octest */,
			);
			name = Products;
			sourceTree = "<group>";
		};
		2A37F4AAFDCFA73011CA2CEA /* GrosoSub */ = {
			isa = PBXGroup;
			children = (
				8AED5269100CE4FB0079F931 /* ASS */,
				2A37F4ABFDCFA73011CA2CEA /* Classes */,
				2A37F4AFFDCFA73011CA2CEA /* Other Sources */,
				2A37F4B8FDCFA73011CA2CEA /* Resources */,
				2A37F4C3FDCFA73011CA2CEA /* Frameworks */,
				19C28FB0FE9D524F11CA2CBB /* Products */,
				8AED5293100CE8D50079F931 /* Test Cases */,
				8AED528C100CE8770079F931 /* Test-Info.plist */,
			);
			name = GrosoSub;
			sourceTree = "<group>";
		};
		2A37F4ABFDCFA73011CA2CEA /* Classes */ = {
			isa = PBXGroup;
			children = (
				2A37F4AEFDCFA73011CA2CEA /* ASSScript.h */,
				8AADE4AE1010CB1B00D711B2 /* ASSScript.m */,
				8AADE4F91010D7E600D711B2 /* ASSEventTableView.h */,
				8AADE4FA1010D7E600D711B2 /* ASSEventTableView.m */,
				8AA4404E1016446200CDC3A5 /* ASSEventTextView.h */,
				8AA4404F1016446200CDC3A5 /* ASSEventTextView.m */,
			);
			name = Classes;
			sourceTree = "<group>";
		};
		2A37F4AFFDCFA73011CA2CEA /* Other Sources */ = {
			isa = PBXGroup;
			children = (
				32DBCF750370BD2300C91783 /* GrosoSub_Prefix.pch */,
				2A37F4B0FDCFA73011CA2CEA /* main.m */,
			);
			name = "Other Sources";
			sourceTree = "<group>";
		};
		2A37F4B8FDCFA73011CA2CEA /* Resources */ = {
			isa = PBXGroup;
			children = (
				8A668B8E10195CB00053F77F /* grososrt.icns */,
				8A668B8F10195CB00053F77F /* grosoass.icns */,
				8A668B9010195CB00053F77F /* groso.icns */,
				8A668B9110195CB00053F77F /* grososub.icns */,
				8A2CE4370ED4D01200DA892E /* COPYING */,
				8A448EE11019DA9000A658AF /* Credits.rtf */,
				8D15AC360486D014006FF6A4 /* Info.plist */,
				089C165FFE840EACC02AAC07 /* InfoPlist.strings */,
				1DDD58280DA1D0D100B32029 /* ASSScript.xib */,
				1DDD582A0DA1D0D100B32029 /* MainMenu.xib */,
			);
			name = Resources;
			sourceTree = "<group>";
		};
		2A37F4C3FDCFA73011CA2CEA /* Frameworks */ = {
			isa = PBXGroup;
			children = (
				1058C7A6FEA54F5311CA2CBB /* Linked Frameworks */,
				1058C7A8FEA54F5311CA2CBB /* Other Frameworks */,
			);
			name = Frameworks;
			sourceTree = "<group>";
		};
		8AED5269100CE4FB0079F931 /* ASS */ = {
			isa = PBXGroup;
			children = (
				8A3E2026100E404000BA8697 /* ASSColour.h */,
				8A3E2027100E404000BA8697 /* ASSColour.m */,
				8AED533B100D2F2B0079F931 /* ASSEvent.h */,
				8AED533C100D2F2B0079F931 /* ASSEvent.m */,
				8AED53C7100D3AA10079F931 /* ASSEventList.h */,
				8AED53C8100D3AA10079F931 /* ASSEventList.m */,
				8A3E1FBD100E314200BA8697 /* ASSHeader.h */,
				8A3E1FBE100E314200BA8697 /* ASSHeader.m */,
				8A3E2023100E3C7D00BA8697 /* ASSStyle.h */,
				8A3E2024100E3C7D00BA8697 /* ASSStyle.m */,
				8A3E20DB100E58EE00BA8697 /* ASSStyleList.h */,
				8A3E20DC100E58EE00BA8697 /* ASSStyleList.m */,
				8AED5265100CE4F50079F931 /* ASSTime.h */,
				8AED5266100CE4F50079F931 /* ASSTime.m */,
			);
			name = ASS;
			sourceTree = "<group>";
		};
		8AED5293100CE8D50079F931 /* Test Cases */ = {
			isa = PBXGroup;
			children = (
				8AED5295100CE92E0079F931 /* ASSTimeTest.h */,
				8AED5296100CE92E0079F931 /* ASSTimeTest.m */,
				8AED5344100D33720079F931 /* ASSEventTest.h */,
				8AED5345100D33720079F931 /* ASSEventTest.m */,
				8AED53EA100D41920079F931 /* ASSEventListTest.h */,
				8AED53EB100D41920079F931 /* ASSEventListTest.m */,
				8A3E1FC0100E360800BA8697 /* ASSHeaderTest.h */,
				8A3E1FC1100E360800BA8697 /* ASSHeaderTest.m */,
				8A3E2030100E457800BA8697 /* ASSColourTest.h */,
				8A3E2031100E457800BA8697 /* ASSColourTest.m */,
				8A3E204E100E502B00BA8697 /* ASSStyleTest.h */,
				8A3E204F100E502B00BA8697 /* ASSStyleTest.m */,
				8A3E20E0100E5B6200BA8697 /* ASSStyleListTest.h */,
				8A3E20E1100E5B6200BA8697 /* ASSStyleListTest.m */,
			);
			name = "Test Cases";
			sourceTree = "<group>";
		};
/* End PBXGroup section */

/* Begin PBXNativeTarget section */
		8AED528A100CE8770079F931 /* Test */ = {
			isa = PBXNativeTarget;
			buildConfigurationList = 8AED5290100CE8780079F931 /* Build configuration list for PBXNativeTarget "Test" */;
			buildPhases = (
				8AED5286100CE8770079F931 /* Resources */,
				8AED5287100CE8770079F931 /* Sources */,
				8AED5288100CE8770079F931 /* Frameworks */,
				8AED5289100CE8770079F931 /* ShellScript */,
			);
			buildRules = (
			);
			dependencies = (
			);
			name = Test;
			productName = Test;
			productReference = 8AED528B100CE8770079F931 /* Test.octest */;
			productType = "com.apple.product-type.bundle";
		};
		8D15AC270486D014006FF6A4 /* GrosoSub */ = {
			isa = PBXNativeTarget;
			buildConfigurationList = C05733C708A9546B00998B17 /* Build configuration list for PBXNativeTarget "GrosoSub" */;
			buildPhases = (
				8D15AC2B0486D014006FF6A4 /* Resources */,
				8D15AC300486D014006FF6A4 /* Sources */,
				8D15AC330486D014006FF6A4 /* Frameworks */,
			);
			buildRules = (
			);
			dependencies = (
			);
			name = GrosoSub;
			productInstallPath = "$(HOME)/Applications";
			productName = GrosoSub;
			productReference = 8D15AC370486D014006FF6A4 /* GrosoSub.app */;
			productType = "com.apple.product-type.application";
		};
/* End PBXNativeTarget section */

/* Begin PBXProject section */
		2A37F4A9FDCFA73011CA2CEA /* Project object */ = {
			isa = PBXProject;
			buildConfigurationList = C05733CB08A9546B00998B17 /* Build configuration list for PBXProject "GrosoSub" */;
			compatibilityVersion = "Xcode 3.1";
			hasScannedForEncodings = 1;
			knownRegions = (
				English,
				Japanese,
				French,
				German,
				Euskara,
				eu,
			);
			mainGroup = 2A37F4AAFDCFA73011CA2CEA /* GrosoSub */;
			projectDirPath = "";
			projectRoot = "";
			targets = (
				8D15AC270486D014006FF6A4 /* GrosoSub */,
				8AED528A100CE8770079F931 /* Test */,
			);
		};
/* End PBXProject section */

/* Begin PBXResourcesBuildPhase section */
		8AED5286100CE8770079F931 /* Resources */ = {
			isa = PBXResourcesBuildPhase;
			buildActionMask = 2147483647;
			files = (
			);
			runOnlyForDeploymentPostprocessing = 0;
		};
		8D15AC2B0486D014006FF6A4 /* Resources */ = {
			isa = PBXResourcesBuildPhase;
			buildActionMask = 2147483647;
			files = (
				8A448EE21019DA9000A658AF /* Credits.rtf in Resources */,
				8D15AC2F0486D014006FF6A4 /* InfoPlist.strings in Resources */,
				1DDD582C0DA1D0D100B32029 /* ASSScript.xib in Resources */,
				1DDD582D0DA1D0D100B32029 /* MainMenu.xib in Resources */,
				8A2CE4380ED4D01200DA892E /* COPYING in Resources */,
				8A668B9210195CB00053F77F /* grososrt.icns in Resources */,
				8A668B9310195CB00053F77F /* grosoass.icns in Resources */,
				8A668B9410195CB00053F77F /* groso.icns in Resources */,
				8A668B9510195CB00053F77F /* grososub.icns in Resources */,
			);
			runOnlyForDeploymentPostprocessing = 0;
		};
/* End PBXResourcesBuildPhase section */

/* Begin PBXShellScriptBuildPhase section */
		8AED5289100CE8770079F931 /* ShellScript */ = {
			isa = PBXShellScriptBuildPhase;
			buildActionMask = 2147483647;
			files = (
			);
			inputPaths = (
			);
			outputPaths = (
			);
			runOnlyForDeploymentPostprocessing = 0;
			shellPath = /bin/sh;
			shellScript = "# Run the unit tests in this test bundle.\n\"${SYSTEM_DEVELOPER_DIR}/Tools/RunUnitTests\"\n";
		};
/* End PBXShellScriptBuildPhase section */

/* Begin PBXSourcesBuildPhase section */
		8AED5287100CE8770079F931 /* Sources */ = {
			isa = PBXSourcesBuildPhase;
			buildActionMask = 2147483647;
			files = (
				8AED5297100CE92E0079F931 /* ASSTimeTest.m in Sources */,
				8AED52B6100CF02D0079F931 /* ASSTime.m in Sources */,
				8AED533D100D2F2B0079F931 /* ASSEvent.m in Sources */,
				8AED5346100D33720079F931 /* ASSEventTest.m in Sources */,
				8AED53EC100D41920079F931 /* ASSEventListTest.m in Sources */,
				8AED53EF100D42FE0079F931 /* ASSEventList.m in Sources */,
				8A3E1FC2100E360800BA8697 /* ASSHeaderTest.m in Sources */,
				8A3E1FC3100E366000BA8697 /* ASSHeader.m in Sources */,
				8A3E2032100E457800BA8697 /* ASSColourTest.m in Sources */,
				8A3E2033100E458A00BA8697 /* ASSColour.m in Sources */,
				8A3E2050100E502B00BA8697 /* ASSStyleTest.m in Sources */,
				8A3E2055100E50D900BA8697 /* ASSStyle.m in Sources */,
				8A3E20DE100E58EE00BA8697 /* ASSStyleList.m in Sources */,
				8A3E20E2100E5B6200BA8697 /* ASSStyleListTest.m in Sources */,
			);
			runOnlyForDeploymentPostprocessing = 0;
		};
		8D15AC300486D014006FF6A4 /* Sources */ = {
			isa = PBXSourcesBuildPhase;
			buildActionMask = 2147483647;
			files = (
				8D15AC320486D014006FF6A4 /* main.m in Sources */,
				8AED5267100CE4F50079F931 /* ASSTime.m in Sources */,
				8AED533E100D2F2B0079F931 /* ASSEvent.m in Sources */,
				8AED53C9100D3AA10079F931 /* ASSEventList.m in Sources */,
				8A3E1FBF100E314200BA8697 /* ASSHeader.m in Sources */,
				8A3E2025100E3C7D00BA8697 /* ASSStyle.m in Sources */,
				8A3E2028100E404000BA8697 /* ASSColour.m in Sources */,
				8A3E20DD100E58EE00BA8697 /* ASSStyleList.m in Sources */,
				8AADE4AF1010CB1B00D711B2 /* ASSScript.m in Sources */,
				8AADE4FB1010D7E600D711B2 /* ASSEventTableView.m in Sources */,
				8AA440501016446200CDC3A5 /* ASSEventTextView.m in Sources */,
			);
			runOnlyForDeploymentPostprocessing = 0;
		};
/* End PBXSourcesBuildPhase section */

/* Begin PBXVariantGroup section */
		089C165FFE840EACC02AAC07 /* InfoPlist.strings */ = {
			isa = PBXVariantGroup;
			children = (
				089C1660FE840EACC02AAC07 /* English */,
			);
			name = InfoPlist.strings;
			sourceTree = "<group>";
		};
		1DDD58280DA1D0D100B32029 /* ASSScript.xib */ = {
			isa = PBXVariantGroup;
			children = (
				1DDD58290DA1D0D100B32029 /* English */,
			);
			name = ASSScript.xib;
			sourceTree = "<group>";
		};
		1DDD582A0DA1D0D100B32029 /* MainMenu.xib */ = {
			isa = PBXVariantGroup;
			children = (
				1DDD582B0DA1D0D100B32029 /* English */,
				8ACB68FC101442DE00ADD1F3 /* Euskara */,
			);
			name = MainMenu.xib;
			sourceTree = "<group>";
		};
		8A448EE11019DA9000A658AF /* Credits.rtf */ = {
			isa = PBXVariantGroup;
			children = (
				2A37F4BAFDCFA73011CA2CEA /* English */,
				8A448EE31019DA9600A658AF /* eu */,
			);
			name = Credits.rtf;
			sourceTree = "<group>";
		};
/* End PBXVariantGroup section */

/* Begin XCBuildConfiguration section */
		8AED528E100CE8780079F931 /* Debug */ = {
			isa = XCBuildConfiguration;
			buildSettings = {
				ALWAYS_SEARCH_USER_PATHS = NO;
				COPY_PHASE_STRIP = NO;
				FRAMEWORK_SEARCH_PATHS = "$(DEVELOPER_LIBRARY_DIR)/Frameworks";
				GCC_DYNAMIC_NO_PIC = NO;
				GCC_ENABLE_FIX_AND_CONTINUE = NO;
				GCC_ENABLE_OBJC_EXCEPTIONS = YES;
				GCC_MODEL_TUNING = G5;
				GCC_OPTIMIZATION_LEVEL = 0;
				GCC_PRECOMPILE_PREFIX_HEADER = YES;
				GCC_PREFIX_HEADER = "$(SYSTEM_LIBRARY_DIR)/Frameworks/Cocoa.framework/Headers/Cocoa.h";
				INFOPLIST_FILE = "Test-Info.plist";
				INSTALL_PATH = "$(USER_LIBRARY_DIR)/Bundles";
				OTHER_LDFLAGS = (
					"-framework",
					Cocoa,
					"-framework",
					SenTestingKit,
				);
				PREBINDING = NO;
				PRODUCT_NAME = Test;
				WRAPPER_EXTENSION = octest;
			};
			name = Debug;
		};
		8AED528F100CE8780079F931 /* Release */ = {
			isa = XCBuildConfiguration;
			buildSettings = {
				ALWAYS_SEARCH_USER_PATHS = NO;
				COPY_PHASE_STRIP = YES;
				DEBUG_INFORMATION_FORMAT = "dwarf-with-dsym";
				FRAMEWORK_SEARCH_PATHS = "$(DEVELOPER_LIBRARY_DIR)/Frameworks";
				GCC_ENABLE_FIX_AND_CONTINUE = NO;
				GCC_ENABLE_OBJC_EXCEPTIONS = YES;
				GCC_MODEL_TUNING = G5;
				GCC_PRECOMPILE_PREFIX_HEADER = YES;
				GCC_PREFIX_HEADER = "$(SYSTEM_LIBRARY_DIR)/Frameworks/Cocoa.framework/Headers/Cocoa.h";
				INFOPLIST_FILE = "Test-Info.plist";
				INSTALL_PATH = "$(USER_LIBRARY_DIR)/Bundles";
				OTHER_LDFLAGS = (
					"-framework",
					Cocoa,
					"-framework",
					SenTestingKit,
				);
				PREBINDING = NO;
				PRODUCT_NAME = Test;
				WRAPPER_EXTENSION = octest;
				ZERO_LINK = NO;
			};
			name = Release;
		};
		C05733C808A9546B00998B17 /* Debug */ = {
			isa = XCBuildConfiguration;
			buildSettings = {
				ALWAYS_SEARCH_USER_PATHS = NO;
				COPY_PHASE_STRIP = NO;
				GCC_DYNAMIC_NO_PIC = NO;
				GCC_ENABLE_FIX_AND_CONTINUE = YES;
				GCC_MODEL_TUNING = G5;
				GCC_OPTIMIZATION_LEVEL = 0;
				GCC_PRECOMPILE_PREFIX_HEADER = YES;
				GCC_PREFIX_HEADER = GrosoSub_Prefix.pch;
				INFOPLIST_FILE = Info.plist;
				INSTALL_PATH = "$(HOME)/Applications";
				PRODUCT_NAME = GrosoSub;
			};
			name = Debug;
		};
		C05733C908A9546B00998B17 /* Release */ = {
			isa = XCBuildConfiguration;
			buildSettings = {
				ALWAYS_SEARCH_USER_PATHS = NO;
				DEBUG_INFORMATION_FORMAT = "dwarf-with-dsym";
				GCC_MODEL_TUNING = G5;
				GCC_PRECOMPILE_PREFIX_HEADER = YES;
				GCC_PREFIX_HEADER = GrosoSub_Prefix.pch;
				INFOPLIST_FILE = Info.plist;
				INSTALL_PATH = "$(HOME)/Applications";
				PRODUCT_NAME = GrosoSub;
			};
			name = Release;
		};
		C05733CC08A9546B00998B17 /* Debug */ = {
			isa = XCBuildConfiguration;
			buildSettings = {
				ARCHS = "$(ARCHS_STANDARD_32_BIT)";
				GCC_C_LANGUAGE_STANDARD = c99;
				GCC_ENABLE_OBJC_GC = required;
				GCC_OPTIMIZATION_LEVEL = 0;
				GCC_WARN_ABOUT_RETURN_TYPE = YES;
				GCC_WARN_UNUSED_VARIABLE = YES;
				ONLY_ACTIVE_ARCH = YES;
				PREBINDING = NO;
				SDKROOT = macosx10.5;
			};
			name = Debug;
		};
		C05733CD08A9546B00998B17 /* Release */ = {
			isa = XCBuildConfiguration;
			buildSettings = {
				ARCHS = "$(ARCHS_STANDARD_32_BIT)";
				GCC_C_LANGUAGE_STANDARD = c99;
				GCC_ENABLE_OBJC_GC = required;
				GCC_WARN_ABOUT_RETURN_TYPE = YES;
				GCC_WARN_UNUSED_VARIABLE = YES;
				PREBINDING = NO;
				SDKROOT = macosx10.5;
			};
			name = Release;
		};
/* End XCBuildConfiguration section */

/* Begin XCConfigurationList section */
		8AED5290100CE8780079F931 /* Build configuration list for PBXNativeTarget "Test" */ = {
			isa = XCConfigurationList;
			buildConfigurations = (
				8AED528E100CE8780079F931 /* Debug */,
				8AED528F100CE8780079F931 /* Release */,
			);
			defaultConfigurationIsVisible = 0;
			defaultConfigurationName = Release;
		};
		C05733C708A9546B00998B17 /* Build configuration list for PBXNativeTarget "GrosoSub" */ = {
			isa = XCConfigurationList;
			buildConfigurations = (
				C05733C808A9546B00998B17 /* Debug */,
				C05733C908A9546B00998B17 /* Release */,
			);
			defaultConfigurationIsVisible = 0;
			defaultConfigurationName = Release;
		};
		C05733CB08A9546B00998B17 /* Build configuration list for PBXProject "GrosoSub" */ = {
			isa = XCConfigurationList;
			buildConfigurations = (
				C05733CC08A9546B00998B17 /* Debug */,
				C05733CD08A9546B00998B17 /* Release */,
			);
			defaultConfigurationIsVisible = 0;
			defaultConfigurationName = Release;
		};
/* End XCConfigurationList section */
	};
	rootObject = 2A37F4A9FDCFA73011CA2CEA /* Project object */;
}
